
Microsoft Visual Studio Solution File, Format Version 12.00
# Visual Studio Version 17
VisualStudioVersion = 17.6.33829.357
MinimumVisualStudioVersion = 10.0.40219.1
Project("{FAE04EC0-301F-11D3-BF4B-00C04F79EFBC}") = "Cal", "Cal\Cal.csproj", "{3F952C9A-67DB-418A-B7BB-65B7CBA80A75}"
EndProject
Global
	GlobalSection(SolutionConfigurationPlatforms) = preSolution
		Debug|Any CPU = Debug|Any CPU
		Release|Any CPU = Release|Any CPU
	EndGlobalSection
	GlobalSection(ProjectConfigurationPlatforms) = postSolution
		{3F952C9A-67DB-418A-B7BB-65B7CBA80A75}.Debug|Any CPU.ActiveCfg = Debug|Any CPU
		{3F952C9A-67DB-418A-B7BB-65B7CBA80A75}.Debug|Any CPU.Build.0 = Debug|Any CPU
		{3F952C9A-67DB-418A-B7BB-65B7CBA80A75}.Release|Any CPU.ActiveCfg = Release|Any CPU
		{3F952C9A-67DB-418A-B7BB-65B7CBA80A75}.Release|Any CPU.Build.0 = Release|Any CPU
	EndGlobalSection
	GlobalSection(SolutionProperties) = preSolution
		HideSolutionNode = FALSE
	EndGlobalSection
	GlobalSection(ExtensibilityGlobals) = postSolution
		SolutionGuid = {C634BAB6-30D7-4C2D-9828-9C8C47118E37}
	EndGlobalSection
EndGlobal
